<?xml version="1.0" encoding="utf-8"?>
<Project ToolsVersion="4.0" xmlns="http://schemas.microsoft.com/developer/msbuild/2003">
  <ItemGroup>
    <Filter Include="소스 파일">
      <UniqueIdentifier>{4FC737F1-C7A5-4376-A066-2A32D752A2FF}</UniqueIdentifier>
      <Extensions>cpp;c;cc;cxx;c++;cppm;ixx;def;odl;idl;hpj;bat;asm;asmx</Extensions>
    </Filter>
    <Filter Include="헤더 파일">
      <UniqueIdentifier>{93995380-89BD-4b04-88EB-625FBE52EBFB}</UniqueIdentifier>
      <Extensions>h;hh;hpp;hxx;h++;hm;inl;inc;ipp;xsd</Extensions>
    </Filter>
    <Filter Include="리소스 파일">
      <UniqueIdentifier>{67DA6AB6-F800-4c08-8B7A-83BB121AAD01}</UniqueIdentifier>
      <Extensions>rc;ico;cur;bmp;dlg;rc2;rct;bin;rgs;gif;jpg;jpeg;jpe;resx;tiff;tif;png;wav;mfcribbon-ms</Extensions>
    </Filter>
    <Filter Include="소스 파일\00.Util">
      <UniqueIdentifier>{0bca2405-f9aa-467b-988a-b815cab9ea93}</UniqueIdentifier>
    </Filter>
    <Filter Include="소스 파일\01.Manager">
      <UniqueIdentifier>{a6faf973-0d54-44f4-b490-1e1c9604b612}</UniqueIdentifier>
    </Filter>
    <Filter Include="소스 파일\01.Manager\00.ObjMgr">
      <UniqueIdentifier>{0cd898ea-abfe-47ee-8bb8-6d6d3a3bf405}</UniqueIdentifier>
    </Filter>
    <Filter Include="소스 파일\02.Obj">
      <UniqueIdentifier>{30f13899-09e5-4faf-aaa7-bf631bf6c2be}</UniqueIdentifier>
    </Filter>
    <Filter Include="소스 파일\03.Component">
      <UniqueIdentifier>{cf39f84d-bf44-407f-af05-01b2853c10c8}</UniqueIdentifier>
    </Filter>
    <Filter Include="소스 파일\02.Obj\00.ObjUI">
      <UniqueIdentifier>{556a57fd-b31e-4be3-8df5-9e1cbd7be8a7}</UniqueIdentifier>
    </Filter>
    <Filter Include="소스 파일\01.Manager\01.ComponentMgr">
      <UniqueIdentifier>{f1cc5441-b5fa-4499-89ea-e714e0cb7786}</UniqueIdentifier>
    </Filter>
  </ItemGroup>
  <ItemGroup>
    <ClInclude Include="framework.h">
      <Filter>헤더 파일</Filter>
    </ClInclude>
    <ClInclude Include="targetver.h">
      <Filter>헤더 파일</Filter>
    </ClInclude>
    <ClInclude Include="Resource.h">
      <Filter>헤더 파일</Filter>
    </ClInclude>
    <ClInclude Include="WinMain.h">
      <Filter>헤더 파일</Filter>
    </ClInclude>
    <ClInclude Include="Component\CComponent.h">
      <Filter>소스 파일\03.Component</Filter>
    </ClInclude>
    <ClInclude Include="Manager\CObjMgr.h">
      <Filter>소스 파일\01.Manager\00.ObjMgr</Filter>
    </ClInclude>
    <ClInclude Include="Obj\CObj.h">
      <Filter>소스 파일\02.Obj</Filter>
    </ClInclude>
    <ClInclude Include="Util\CScreenDib.h">
      <Filter>소스 파일\00.Util</Filter>
    </ClInclude>
    <ClInclude Include="Util\CSpriteDib.h">
      <Filter>소스 파일\00.Util</Filter>
    </ClInclude>
    <ClInclude Include="Manager\CComponentMgr.h">
      <Filter>소스 파일\01.Manager\01.ComponentMgr</Filter>
    </ClInclude>
  </ItemGroup>
  <ItemGroup>
    <ClCompile Include="WinMain.cpp">
      <Filter>소스 파일</Filter>
    </ClCompile>
    <ClCompile Include="WinMainScroll.cpp">
      <Filter>소스 파일</Filter>
    </ClCompile>
    <ClCompile Include="Component\CComponent.cpp">
      <Filter>소스 파일\03.Component</Filter>
    </ClCompile>
    <ClCompile Include="Manager\CObjMgr.cpp">
      <Filter>소스 파일\01.Manager\00.ObjMgr</Filter>
    </ClCompile>
    <ClCompile Include="Obj\CObj.cpp">
      <Filter>소스 파일\02.Obj</Filter>
    </ClCompile>
    <ClCompile Include="Util\CScreenDib.cpp">
      <Filter>소스 파일\00.Util</Filter>
    </ClCompile>
    <ClCompile Include="Util\CSpriteDib.cpp">
      <Filter>소스 파일\00.Util</Filter>
    </ClCompile>
    <ClCompile Include="Manager\CComponentMgr.cpp">
      <Filter>소스 파일\01.Manager\01.ComponentMgr</Filter>
    </ClCompile>
  </ItemGroup>
  <ItemGroup>
    <ResourceCompile Include="DairyProductManagement.rc">
      <Filter>리소스 파일</Filter>
    </ResourceCompile>
  </ItemGroup>
  <ItemGroup>
    <Image Include="small.ico">
      <Filter>리소스 파일</Filter>
    </Image>
    <Image Include="DairyProductManagement.ico">
      <Filter>리소스 파일</Filter>
    </Image>
  </ItemGroup>
</Project>